
Microsoft Visual Studio Solution File, Format Version 12.00
# Visual Studio Version 16
VisualStudioVersion = 16.0.31424.327
MinimumVisualStudioVersion = 10.0.40219.1
Project("{FAE04EC0-301F-11D3-BF4B-00C04F79EFBC}") = "ConsoleApp", "ConsoleApp.csproj", "{B3ECB81B-0D9A-41F1-85E2-9B47FE0438A0}"
EndProject
Global
	GlobalSection(SolutionConfigurationPlatforms) = preSolution
		Debug|Any CPU = Debug|Any CPU
		Release|Any CPU = Release|Any CPU
	EndGlobalSection
	GlobalSection(ProjectConfigurationPlatforms) = postSolution
		{B3ECB81B-0D9A-41F1-85E2-9B47FE0438A0}.Debug|Any CPU.ActiveCfg = Debug|Any CPU
		{B3ECB81B-0D9A-41F1-85E2-9B47FE0438A0}.Debug|Any CPU.Build.0 = Debug|Any CPU
		{B3ECB81B-0D9A-41F1-85E2-9B47FE0438A0}.Release|Any CPU.ActiveCfg = Release|Any CPU
		{B3ECB81B-0D9A-41F1-85E2-9B47FE0438A0}.Release|Any CPU.Build.0 = Release|Any CPU
	EndGlobalSection
	GlobalSection(SolutionProperties) = preSolution
		HideSolutionNode = FALSE
	EndGlobalSection
	GlobalSection(ExtensibilityGlobals) = postSolution
		SolutionGuid = {4B4AA1DA-AAEC-4448-B267-62B23B529A3A}
	EndGlobalSection
EndGlobal
